
Microsoft Visual Studio Solution File, Format Version 12.00
Project("{FAE04EC0-301F-11D3-BF4B-00C04F79EFBC}") = "InsuranceCompany.Web", "InsuranceCompany.Web\InsuranceCompany.Web.csproj", "{78E84DA4-CA0B-42B6-AFC9-B56C2387C769}"
EndProject
Project("{FAE04EC0-301F-11D3-BF4B-00C04F79EFBC}") = "InsuranceCompany.Data.Contracts", "InsuranceCompany.Data.Contracts\InsuranceCompany.Data.Contracts.csproj", "{FE978858-659D-4774-84C7-08967A060BC5}"
EndProject
Project("{FAE04EC0-301F-11D3-BF4B-00C04F79EFBC}") = "InsuranceCompany.Data.Internal", "InsuranceCompany.Data.Internal\InsuranceCompany.Data.Internal.csproj", "{CCF71FAF-38CE-423D-8728-C72B33466ABE}"
EndProject
Project("{FAE04EC0-301F-11D3-BF4B-00C04F79EFBC}") = "InsuranceCompany.Common", "InsuranceCompany.Common\InsuranceCompany.Common.csproj", "{919A1C2C-1A78-440B-8AF1-4B14576D1762}"
EndProject
Global
	GlobalSection(SolutionConfigurationPlatforms) = preSolution
		Debug|Any CPU = Debug|Any CPU
		Release|Any CPU = Release|Any CPU
	EndGlobalSection
	GlobalSection(ProjectConfigurationPlatforms) = postSolution
		{78E84DA4-CA0B-42B6-AFC9-B56C2387C769}.Debug|Any CPU.ActiveCfg = Debug|Any CPU
		{78E84DA4-CA0B-42B6-AFC9-B56C2387C769}.Debug|Any CPU.Build.0 = Debug|Any CPU
		{78E84DA4-CA0B-42B6-AFC9-B56C2387C769}.Release|Any CPU.ActiveCfg = Release|Any CPU
		{78E84DA4-CA0B-42B6-AFC9-B56C2387C769}.Release|Any CPU.Build.0 = Release|Any CPU
		{FE978858-659D-4774-84C7-08967A060BC5}.Debug|Any CPU.ActiveCfg = Debug|Any CPU
		{FE978858-659D-4774-84C7-08967A060BC5}.Debug|Any CPU.Build.0 = Debug|Any CPU
		{FE978858-659D-4774-84C7-08967A060BC5}.Release|Any CPU.ActiveCfg = Release|Any CPU
		{FE978858-659D-4774-84C7-08967A060BC5}.Release|Any CPU.Build.0 = Release|Any CPU
		{CCF71FAF-38CE-423D-8728-C72B33466ABE}.Debug|Any CPU.ActiveCfg = Debug|Any CPU
		{CCF71FAF-38CE-423D-8728-C72B33466ABE}.Debug|Any CPU.Build.0 = Debug|Any CPU
		{CCF71FAF-38CE-423D-8728-C72B33466ABE}.Release|Any CPU.ActiveCfg = Release|Any CPU
		{CCF71FAF-38CE-423D-8728-C72B33466ABE}.Release|Any CPU.Build.0 = Release|Any CPU
		{919A1C2C-1A78-440B-8AF1-4B14576D1762}.Debug|Any CPU.ActiveCfg = Debug|Any CPU
		{919A1C2C-1A78-440B-8AF1-4B14576D1762}.Debug|Any CPU.Build.0 = Debug|Any CPU
		{919A1C2C-1A78-440B-8AF1-4B14576D1762}.Release|Any CPU.ActiveCfg = Release|Any CPU
		{919A1C2C-1A78-440B-8AF1-4B14576D1762}.Release|Any CPU.Build.0 = Release|Any CPU
	EndGlobalSection
EndGlobal
